// !$*UTF8*$!
{
	archiveVersion = 1;
	classes = {
	};
	objectVersion = 56;
	objects = {

/* Begin PBXBuildFile section */
		C3610BB829DC596A00145062 /* AppDelegate.swift in Sources */ = {isa = PBXBuildFile; fileRef = C3610BB729DC596A00145062 /* AppDelegate.swift */; };
		C3610BBA29DC596A00145062 /* SceneDelegate.swift in Sources */ = {isa = PBXBuildFile; fileRef = C3610BB929DC596A00145062 /* SceneDelegate.swift */; };
		C3610BBC29DC596A00145062 /* ViewController.swift in Sources */ = {isa = PBXBuildFile; fileRef = C3610BBB29DC596A00145062 /* ViewController.swift */; };
		C3610BBF29DC596A00145062 /* Main.storyboard in Resources */ = {isa = PBXBuildFile; fileRef = C3610BBD29DC596A00145062 /* Main.storyboard */; };
		C3610BC129DC596C00145062 /* Assets.xcassets in Resources */ = {isa = PBXBuildFile; fileRef = C3610BC029DC596C00145062 /* Assets.xcassets */; };
		C3610BC429DC596C00145062 /* LaunchScreen.storyboard in Resources */ = {isa = PBXBuildFile; fileRef = C3610BC229DC596C00145062 /* LaunchScreen.storyboard */; };
		C3610BCF29DC596C00145062 /* RickAndMortyProtocolOrientedProgramingTests.swift in Sources */ = {isa = PBXBuildFile; fileRef = C3610BCE29DC596C00145062 /* RickAndMortyProtocolOrientedProgramingTests.swift */; };
		C3610BD929DC596C00145062 /* RickAndMortyProtocolOrientedProgramingUITests.swift in Sources */ = {isa = PBXBuildFile; fileRef = C3610BD829DC596C00145062 /* RickAndMortyProtocolOrientedProgramingUITests.swift */; };
		C3610BDB29DC596C00145062 /* RickAndMortyProtocolOrientedProgramingUITestsLaunchTests.swift in Sources */ = {isa = PBXBuildFile; fileRef = C3610BDA29DC596C00145062 /* RickAndMortyProtocolOrientedProgramingUITestsLaunchTests.swift */; };
/* End PBXBuildFile section */

/* Begin PBXContainerItemProxy section */
		C3610BCB29DC596C00145062 /* PBXContainerItemProxy */ = {
			isa = PBXContainerItemProxy;
			containerPortal = C3610BAC29DC596A00145062 /* Project object */;
			proxyType = 1;
			remoteGlobalIDString = C3610BB329DC596A00145062;
			remoteInfo = RickAndMortyProtocolOrientedPrograming;
		};
		C3610BD529DC596C00145062 /* PBXContainerItemProxy */ = {
			isa = PBXContainerItemProxy;
			containerPortal = C3610BAC29DC596A00145062 /* Project object */;
			proxyType = 1;
			remoteGlobalIDString = C3610BB329DC596A00145062;
			remoteInfo = RickAndMortyProtocolOrientedPrograming;
		};
/* End PBXContainerItemProxy section */

/* Begin PBXFileReference section */
		C3610BB429DC596A00145062 /* RickAndMortyProtocolOrientedPrograming.app */ = {isa = PBXFileReference; explicitFileType = wrapper.application; includeInIndex = 0; path = RickAndMortyProtocolOrientedPrograming.app; sourceTree = BUILT_PRODUCTS_DIR; };
		C3610BB729DC596A00145062 /* AppDelegate.swift */ = {isa = PBXFileReference; lastKnownFileType = sourcecode.swift; path = AppDelegate.swift; sourceTree = "<group>"; };
		C3610BB929DC596A00145062 /* SceneDelegate.swift */ = {isa = PBXFileReference; lastKnownFileType = sourcecode.swift; path = SceneDelegate.swift; sourceTree = "<group>"; };
		C3610BBB29DC596A00145062 /* ViewController.swift */ = {isa = PBXFileReference; lastKnownFileType = sourcecode.swift; path = ViewController.swift; sourceTree = "<group>"; };
		C3610BBE29DC596A00145062 /* Base */ = {isa = PBXFileReference; lastKnownFileType = file.storyboard; name = Base; path = Base.lproj/Main.storyboard; sourceTree = "<group>"; };
		C3610BC029DC596C00145062 /* Assets.xcassets */ = {isa = PBXFileReference; lastKnownFileType = folder.assetcatalog; path = Assets.xcassets; sourceTree = "<group>"; };
		C3610BC329DC596C00145062 /* Base */ = {isa = PBXFileReference; lastKnownFileType = file.storyboard; name = Base; path = Base.lproj/LaunchScreen.storyboard; sourceTree = "<group>"; };
		C3610BC529DC596C00145062 /* Info.plist */ = {isa = PBXFileReference; lastKnownFileType = text.plist.xml; path = Info.plist; sourceTree = "<group>"; };
		C3610BCA29DC596C00145062 /* RickAndMortyProtocolOrientedProgramingTests.xctest */ = {isa = PBXFileReference; explicitFileType = wrapper.cfbundle; includeInIndex = 0; path = RickAndMortyProtocolOrientedProgramingTests.xctest; sourceTree = BUILT_PRODUCTS_DIR; };
		C3610BCE29DC596C00145062 /* RickAndMortyProtocolOrientedProgramingTests.swift */ = {isa = PBXFileReference; lastKnownFileType = sourcecode.swift; path = RickAndMortyProtocolOrientedProgramingTests.swift; sourceTree = "<group>"; };
		C3610BD429DC596C00145062 /* RickAndMortyProtocolOrientedProgramingUITests.xctest */ = {isa = PBXFileReference; explicitFileType = wrapper.cfbundle; includeInIndex = 0; path = RickAndMortyProtocolOrientedProgramingUITests.xctest; sourceTree = BUILT_PRODUCTS_DIR; };
		C3610BD829DC596C00145062 /* RickAndMortyProtocolOrientedProgramingUITests.swift */ = {isa = PBXFileReference; lastKnownFileType = sourcecode.swift; path = RickAndMortyProtocolOrientedProgramingUITests.swift; sourceTree = "<group>"; };
		C3610BDA29DC596C00145062 /* RickAndMortyProtocolOrientedProgramingUITestsLaunchTests.swift */ = {isa = PBXFileReference; lastKnownFileType = sourcecode.swift; path = RickAndMortyProtocolOrientedProgramingUITestsLaunchTests.swift; sourceTree = "<group>"; };
/* End PBXFileReference section */

/* Begin PBXFrameworksBuildPhase section */
		C3610BB129DC596A00145062 /* Frameworks */ = {
			isa = PBXFrameworksBuildPhase;
			buildActionMask = 2147483647;
			files = (
			);
			runOnlyForDeploymentPostprocessing = 0;
		};
		C3610BC729DC596C00145062 /* Frameworks */ = {
			isa = PBXFrameworksBuildPhase;
			buildActionMask = 2147483647;
			files = (
			);
			runOnlyForDeploymentPostprocessing = 0;
		};
		C3610BD129DC596C00145062 /* Frameworks */ = {
			isa = PBXFrameworksBuildPhase;
			buildActionMask = 2147483647;
			files = (
			);
			runOnlyForDeploymentPostprocessing = 0;
		};
/* End PBXFrameworksBuildPhase section */

/* Begin PBXGroup section */
		C3610BAB29DC596A00145062 = {
			isa = PBXGroup;
			children = (
				C3610BB629DC596A00145062 /* RickAndMortyProtocolOrientedPrograming */,
				C3610BCD29DC596C00145062 /* RickAndMortyProtocolOrientedProgramingTests */,
				C3610BD729DC596C00145062 /* RickAndMortyProtocolOrientedProgramingUITests */,
				C3610BB529DC596A00145062 /* Products */,
			);
			sourceTree = "<group>";
		};
		C3610BB529DC596A00145062 /* Products */ = {
			isa = PBXGroup;
			children = (
				C3610BB429DC596A00145062 /* RickAndMortyProtocolOrientedPrograming.app */,
				C3610BCA29DC596C00145062 /* RickAndMortyProtocolOrientedProgramingTests.xctest */,
				C3610BD429DC596C00145062 /* RickAndMortyProtocolOrientedProgramingUITests.xctest */,
			);
			name = Products;
			sourceTree = "<group>";
		};
		C3610BB629DC596A00145062 /* RickAndMortyProtocolOrientedPrograming */ = {
			isa = PBXGroup;
			children = (
				C3610BB729DC596A00145062 /* AppDelegate.swift */,
				C3610BB929DC596A00145062 /* SceneDelegate.swift */,
				C3610BBB29DC596A00145062 /* ViewController.swift */,
				C3610BBD29DC596A00145062 /* Main.storyboard */,
				C3610BC029DC596C00145062 /* Assets.xcassets */,
				C3610BC229DC596C00145062 /* LaunchScreen.storyboard */,
				C3610BC529DC596C00145062 /* Info.plist */,
			);
			path = RickAndMortyProtocolOrientedPrograming;
			sourceTree = "<group>";
		};
		C3610BCD29DC596C00145062 /* RickAndMortyProtocolOrientedProgramingTests */ = {
			isa = PBXGroup;
			children = (
				C3610BCE29DC596C00145062 /* RickAndMortyProtocolOrientedProgramingTests.swift */,
			);
			path = RickAndMortyProtocolOrientedProgramingTests;
			sourceTree = "<group>";
		};
		C3610BD729DC596C00145062 /* RickAndMortyProtocolOrientedProgramingUITests */ = {
			isa = PBXGroup;
			children = (
				C3610BD829DC596C00145062 /* RickAndMortyProtocolOrientedProgramingUITests.swift */,
				C3610BDA29DC596C00145062 /* RickAndMortyProtocolOrientedProgramingUITestsLaunchTests.swift */,
			);
			path = RickAndMortyProtocolOrientedProgramingUITests;
			sourceTree = "<group>";
		};
/* End PBXGroup section */

/* Begin PBXNativeTarget section */
		C3610BB329DC596A00145062 /* RickAndMortyProtocolOrientedPrograming */ = {
			isa = PBXNativeTarget;
			buildConfigurationList = C3610BDE29DC596C00145062 /* Build configuration list for PBXNativeTarget "RickAndMortyProtocolOrientedPrograming" */;
			buildPhases = (
				C3610BB029DC596A00145062 /* Sources */,
				C3610BB129DC596A00145062 /* Frameworks */,
				C3610BB229DC596A00145062 /* Resources */,
			);
			buildRules = (
			);
			dependencies = (
			);
			name = RickAndMortyProtocolOrientedPrograming;
			productName = RickAndMortyProtocolOrientedPrograming;
			productReference = C3610BB429DC596A00145062 /* RickAndMortyProtocolOrientedPrograming.app */;
			productType = "com.apple.product-type.application";
		};
		C3610BC929DC596C00145062 /* RickAndMortyProtocolOrientedProgramingTests */ = {
			isa = PBXNativeTarget;
			buildConfigurationList = C3610BE129DC596C00145062 /* Build configuration list for PBXNativeTarget "RickAndMortyProtocolOrientedProgramingTests" */;
			buildPhases = (
				C3610BC629DC596C00145062 /* Sources */,
				C3610BC729DC596C00145062 /* Frameworks */,
				C3610BC829DC596C00145062 /* Resources */,
			);
			buildRules = (
			);
			dependencies = (
				C3610BCC29DC596C00145062 /* PBXTargetDependency */,
			);
			name = RickAndMortyProtocolOrientedProgramingTests;
			productName = RickAndMortyProtocolOrientedProgramingTests;
			productReference = C3610BCA29DC596C00145062 /* RickAndMortyProtocolOrientedProgramingTests.xctest */;
			productType = "com.apple.product-type.bundle.unit-test";
		};
		C3610BD329DC596C00145062 /* RickAndMortyProtocolOrientedProgramingUITests */ = {
			isa = PBXNativeTarget;
			buildConfigurationList = C3610BE429DC596C00145062 /* Build configuration list for PBXNativeTarget "RickAndMortyProtocolOrientedProgramingUITests" */;
			buildPhases = (
				C3610BD029DC596C00145062 /* Sources */,
				C3610BD129DC596C00145062 /* Frameworks */,
				C3610BD229DC596C00145062 /* Resources */,
			);
			buildRules = (
			);
			dependencies = (
				C3610BD629DC596C00145062 /* PBXTargetDependency */,
			);
			name = RickAndMortyProtocolOrientedProgramingUITests;
			productName = RickAndMortyProtocolOrientedProgramingUITests;
			productReference = C3610BD429DC596C00145062 /* RickAndMortyProtocolOrientedProgramingUITests.xctest */;
			productType = "com.apple.product-type.bundle.ui-testing";
		};
/* End PBXNativeTarget section */

/* Begin PBXProject section */
		C3610BAC29DC596A00145062 /* Project object */ = {
			isa = PBXProject;
			attributes = {
				BuildIndependentTargetsInParallel = 1;
				LastSwiftUpdateCheck = 1430;
				LastUpgradeCheck = 1430;
				TargetAttributes = {
					C3610BB329DC596A00145062 = {
						CreatedOnToolsVersion = 14.3;
					};
					C3610BC929DC596C00145062 = {
						CreatedOnToolsVersion = 14.3;
						TestTargetID = C3610BB329DC596A00145062;
					};
					C3610BD329DC596C00145062 = {
						CreatedOnToolsVersion = 14.3;
						TestTargetID = C3610BB329DC596A00145062;
					};
				};
			};
			buildConfigurationList = C3610BAF29DC596A00145062 /* Build configuration list for PBXProject "RickAndMortyProtocolOrientedPrograming" */;
			compatibilityVersion = "Xcode 14.0";
			developmentRegion = en;
			hasScannedForEncodings = 0;
			knownRegions = (
				en,
				Base,
			);
			mainGroup = C3610BAB29DC596A00145062;
			productRefGroup = C3610BB529DC596A00145062 /* Products */;
			projectDirPath = "";
			projectRoot = "";
			targets = (
				C3610BB329DC596A00145062 /* RickAndMortyProtocolOrientedPrograming */,
				C3610BC929DC596C00145062 /* RickAndMortyProtocolOrientedProgramingTests */,
				C3610BD329DC596C00145062 /* RickAndMortyProtocolOrientedProgramingUITests */,
			);
		};
/* End PBXProject section */

/* Begin PBXResourcesBuildPhase section */
		C3610BB229DC596A00145062 /* Resources */ = {
			isa = PBXResourcesBuildPhase;
			buildActionMask = 2147483647;
			files = (
				C3610BC429DC596C00145062 /* LaunchScreen.storyboard in Resources */,
				C3610BC129DC596C00145062 /* Assets.xcassets in Resources */,
				C3610BBF29DC596A00145062 /* Main.storyboard in Resources */,
			);
			runOnlyForDeploymentPostprocessing = 0;
		};
		C3610BC829DC596C00145062 /* Resources */ = {
			isa = PBXResourcesBuildPhase;
			buildActionMask = 2147483647;
			files = (
			);
			runOnlyForDeploymentPostprocessing = 0;
		};
		C3610BD229DC596C00145062 /* Resources */ = {
			isa = PBXResourcesBuildPhase;
			buildActionMask = 2147483647;
			files = (
			);
			runOnlyForDeploymentPostprocessing = 0;
		};
/* End PBXResourcesBuildPhase section */

/* Begin PBXSourcesBuildPhase section */
		C3610BB029DC596A00145062 /* Sources */ = {
			isa = PBXSourcesBuildPhase;
			buildActionMask = 2147483647;
			files = (
				C3610BBC29DC596A00145062 /* ViewController.swift in Sources */,
				C3610BB829DC596A00145062 /* AppDelegate.swift in Sources */,
				C3610BBA29DC596A00145062 /* SceneDelegate.swift in Sources */,
			);
			runOnlyForDeploymentPostprocessing = 0;
		};
		C3610BC629DC596C00145062 /* Sources */ = {
			isa = PBXSourcesBuildPhase;
			buildActionMask = 2147483647;
			files = (
				C3610BCF29DC596C00145062 /* RickAndMortyProtocolOrientedProgramingTests.swift in Sources */,
			);
			runOnlyForDeploymentPostprocessing = 0;
		};
		C3610BD029DC596C00145062 /* Sources */ = {
			isa = PBXSourcesBuildPhase;
			buildActionMask = 2147483647;
			files = (
				C3610BD929DC596C00145062 /* RickAndMortyProtocolOrientedProgramingUITests.swift in Sources */,
				C3610BDB29DC596C00145062 /* RickAndMortyProtocolOrientedProgramingUITestsLaunchTests.swift in Sources */,
			);
			runOnlyForDeploymentPostprocessing = 0;
		};
/* End PBXSourcesBuildPhase section */

/* Begin PBXTargetDependency section */
		C3610BCC29DC596C00145062 /* PBXTargetDependency */ = {
			isa = PBXTargetDependency;
			target = C3610BB329DC596A00145062 /* RickAndMortyProtocolOrientedPrograming */;
			targetProxy = C3610BCB29DC596C00145062 /* PBXContainerItemProxy */;
		};
		C3610BD629DC596C00145062 /* PBXTargetDependency */ = {
			isa = PBXTargetDependency;
			target = C3610BB329DC596A00145062 /* RickAndMortyProtocolOrientedPrograming */;
			targetProxy = C3610BD529DC596C00145062 /* PBXContainerItemProxy */;
		};
/* End PBXTargetDependency section */

/* Begin PBXVariantGroup section */
		C3610BBD29DC596A00145062 /* Main.storyboard */ = {
			isa = PBXVariantGroup;
			children = (
				C3610BBE29DC596A00145062 /* Base */,
			);
			name = Main.storyboard;
			sourceTree = "<group>";
		};
		C3610BC229DC596C00145062 /* LaunchScreen.storyboard */ = {
			isa = PBXVariantGroup;
			children = (
				C3610BC329DC596C00145062 /* Base */,
			);
			name = LaunchScreen.storyboard;
			sourceTree = "<group>";
		};
/* End PBXVariantGroup section */

/* Begin XCBuildConfiguration section */
		C3610BDC29DC596C00145062 /* Debug */ = {
			isa = XCBuildConfiguration;
			buildSettings = {
				ALWAYS_SEARCH_USER_PATHS = NO;
				CLANG_ANALYZER_NONNULL = YES;
				CLANG_ANALYZER_NUMBER_OBJECT_CONVERSION = YES_AGGRESSIVE;
				CLANG_CXX_LANGUAGE_STANDARD = "gnu++20";
				CLANG_ENABLE_MODULES = YES;
				CLANG_ENABLE_OBJC_ARC = YES;
				CLANG_ENABLE_OBJC_WEAK = YES;
				CLANG_WARN_BLOCK_CAPTURE_AUTORELEASING = YES;
				CLANG_WARN_BOOL_CONVERSION = YES;
				CLANG_WARN_COMMA = YES;
				CLANG_WARN_CONSTANT_CONVERSION = YES;
				CLANG_WARN_DEPRECATED_OBJC_IMPLEMENTATIONS = YES;
				CLANG_WARN_DIRECT_OBJC_ISA_USAGE = YES_ERROR;
				CLANG_WARN_DOCUMENTATION_COMMENTS = YES;
				CLANG_WARN_EMPTY_BODY = YES;
				CLANG_WARN_ENUM_CONVERSION = YES;
				CLANG_WARN_INFINITE_RECURSION = YES;
				CLANG_WARN_INT_CONVERSION = YES;
				CLANG_WARN_NON_LITERAL_NULL_CONVERSION = YES;
				CLANG_WARN_OBJC_IMPLICIT_RETAIN_SELF = YES;
				CLANG_WARN_OBJC_LITERAL_CONVERSION = YES;
				CLANG_WARN_OBJC_ROOT_CLASS = YES_ERROR;
				CLANG_WARN_QUOTED_INCLUDE_IN_FRAMEWORK_HEADER = YES;
				CLANG_WARN_RANGE_LOOP_ANALYSIS = YES;
				CLANG_WARN_STRICT_PROTOTYPES = YES;
				CLANG_WARN_SUSPICIOUS_MOVE = YES;
				CLANG_WARN_UNGUARDED_AVAILABILITY = YES_AGGRESSIVE;
				CLANG_WARN_UNREACHABLE_CODE = YES;
				CLANG_WARN__DUPLICATE_METHOD_MATCH = YES;
				COPY_PHASE_STRIP = NO;
				DEBUG_INFORMATION_FORMAT = dwarf;
				ENABLE_STRICT_OBJC_MSGSEND = YES;
				ENABLE_TESTABILITY = YES;
				GCC_C_LANGUAGE_STANDARD = gnu11;
				GCC_DYNAMIC_NO_PIC = NO;
				GCC_NO_COMMON_BLOCKS = YES;
				GCC_OPTIMIZATION_LEVEL = 0;
				GCC_PREPROCESSOR_DEFINITIONS = (
					"DEBUG=1",
					"$(inherited)",
				);
				GCC_WARN_64_TO_32_BIT_CONVERSION = YES;
				GCC_WARN_ABOUT_RETURN_TYPE = YES_ERROR;
				GCC_WARN_UNDECLARED_SELECTOR = YES;
				GCC_WARN_UNINITIALIZED_AUTOS = YES_AGGRESSIVE;
				GCC_WARN_UNUSED_FUNCTION = YES;
				GCC_WARN_UNUSED_VARIABLE = YES;
				IPHONEOS_DEPLOYMENT_TARGET = 16.4;
				MTL_ENABLE_DEBUG_INFO = INCLUDE_SOURCE;
				MTL_FAST_MATH = YES;
				ONLY_ACTIVE_ARCH = YES;
				SDKROOT = iphoneos;
				SWIFT_ACTIVE_COMPILATION_CONDITIONS = DEBUG;
				SWIFT_OPTIMIZATION_LEVEL = "-Onone";
			};
			name = Debug;
		};
		C3610BDD29DC596C00145062 /* Release */ = {
			isa = XCBuildConfiguration;
			buildSettings = {
				ALWAYS_SEARCH_USER_PATHS = NO;
				CLANG_ANALYZER_NONNULL = YES;
				CLANG_ANALYZER_NUMBER_OBJECT_CONVERSION = YES_AGGRESSIVE;
				CLANG_CXX_LANGUAGE_STANDARD = "gnu++20";
				CLANG_ENABLE_MODULES = YES;
				CLANG_ENABLE_OBJC_ARC = YES;
				CLANG_ENABLE_OBJC_WEAK = YES;
				CLANG_WARN_BLOCK_CAPTURE_AUTORELEASING = YES;
				CLANG_WARN_BOOL_CONVERSION = YES;
				CLANG_WARN_COMMA = YES;
				CLANG_WARN_CONSTANT_CONVERSION = YES;
				CLANG_WARN_DEPRECATED_OBJC_IMPLEMENTATIONS = YES;
				CLANG_WARN_DIRECT_OBJC_ISA_USAGE = YES_ERROR;
				CLANG_WARN_DOCUMENTATION_COMMENTS = YES;
				CLANG_WARN_EMPTY_BODY = YES;
				CLANG_WARN_ENUM_CONVERSION = YES;
				CLANG_WARN_INFINITE_RECURSION = YES;
				CLANG_WARN_INT_CONVERSION = YES;
				CLANG_WARN_NON_LITERAL_NULL_CONVERSION = YES;
				CLANG_WARN_OBJC_IMPLICIT_RETAIN_SELF = YES;
				CLANG_WARN_OBJC_LITERAL_CONVERSION = YES;
				CLANG_WARN_OBJC_ROOT_CLASS = YES_ERROR;
				CLANG_WARN_QUOTED_INCLUDE_IN_FRAMEWORK_HEADER = YES;
				CLANG_WARN_RANGE_LOOP_ANALYSIS = YES;
				CLANG_WARN_STRICT_PROTOTYPES = YES;
				CLANG_WARN_SUSPICIOUS_MOVE = YES;
				CLANG_WARN_UNGUARDED_AVAILABILITY = YES_AGGRESSIVE;
				CLANG_WARN_UNREACHABLE_CODE = YES;
				CLANG_WARN__DUPLICATE_METHOD_MATCH = YES;
				COPY_PHASE_STRIP = NO;
				DEBUG_INFORMATION_FORMAT = "dwarf-with-dsym";
				ENABLE_NS_ASSERTIONS = NO;
				ENABLE_STRICT_OBJC_MSGSEND = YES;
				GCC_C_LANGUAGE_STANDARD = gnu11;
				GCC_NO_COMMON_BLOCKS = YES;
				GCC_WARN_64_TO_32_BIT_CONVERSION = YES;
				GCC_WARN_ABOUT_RETURN_TYPE = YES_ERROR;
				GCC_WARN_UNDECLARED_SELECTOR = YES;
				GCC_WARN_UNINITIALIZED_AUTOS = YES_AGGRESSIVE;
				GCC_WARN_UNUSED_FUNCTION = YES;
				GCC_WARN_UNUSED_VARIABLE = YES;
				IPHONEOS_DEPLOYMENT_TARGET = 16.4;
				MTL_ENABLE_DEBUG_INFO = NO;
				MTL_FAST_MATH = YES;
				SDKROOT = iphoneos;
				SWIFT_COMPILATION_MODE = wholemodule;
				SWIFT_OPTIMIZATION_LEVEL = "-O";
				VALIDATE_PRODUCT = YES;
			};
			name = Release;
		};
		C3610BDF29DC596C00145062 /* Debug */ = {
			isa = XCBuildConfiguration;
			buildSettings = {
				ASSETCATALOG_COMPILER_APPICON_NAME = AppIcon;
				ASSETCATALOG_COMPILER_GLOBAL_ACCENT_COLOR_NAME = AccentColor;
				CODE_SIGN_STYLE = Automatic;
				CURRENT_PROJECT_VERSION = 1;
				DEVELOPMENT_TEAM = TQ4VYT6TQ8;
				GENERATE_INFOPLIST_FILE = YES;
				INFOPLIST_FILE = RickAndMortyProtocolOrientedPrograming/Info.plist;
				INFOPLIST_KEY_UIApplicationSupportsIndirectInputEvents = YES;
				INFOPLIST_KEY_UILaunchStoryboardName = LaunchScreen;
				INFOPLIST_KEY_UIMainStoryboardFile = Main;
				INFOPLIST_KEY_UISupportedInterfaceOrientations_iPad = "UIInterfaceOrientationPortrait UIInterfaceOrientationPortraitUpsideDown UIInterfaceOrientationLandscapeLeft UIInterfaceOrientationLandscapeRight";
				INFOPLIST_KEY_UISupportedInterfaceOrientations_iPhone = "UIInterfaceOrientationPortrait UIInterfaceOrientationLandscapeLeft UIInterfaceOrientationLandscapeRight";
				LD_RUNPATH_SEARCH_PATHS = (
					"$(inherited)",
					"@executable_path/Frameworks",
				);
				MARKETING_VERSION = 1.0;
				PRODUCT_BUNDLE_IDENTIFIER = yildirim.RickAndMortyProtocolOrientedPrograming;
				PRODUCT_NAME = "$(TARGET_NAME)";
				SWIFT_EMIT_LOC_STRINGS = YES;
				SWIFT_VERSION = 5.0;
				TARGETED_DEVICE_FAMILY = "1,2";
			};
			name = Debug;
		};
		C3610BE029DC596C00145062 /* Release */ = {
			isa = XCBuildConfiguration;
			buildSettings = {
				ASSETCATALOG_COMPILER_APPICON_NAME = AppIcon;
				ASSETCATALOG_COMPILER_GLOBAL_ACCENT_COLOR_NAME = AccentColor;
				CODE_SIGN_STYLE = Automatic;
				CURRENT_PROJECT_VERSION = 1;
				DEVELOPMENT_TEAM = TQ4VYT6TQ8;
				GENERATE_INFOPLIST_FILE = YES;
				INFOPLIST_FILE = RickAndMortyProtocolOrientedPrograming/Info.plist;
				INFOPLIST_KEY_UIApplicationSupportsIndirectInputEvents = YES;
				INFOPLIST_KEY_UILaunchStoryboardName = LaunchScreen;
				INFOPLIST_KEY_UIMainStoryboardFile = Main;
				INFOPLIST_KEY_UISupportedInterfaceOrientations_iPad = "UIInterfaceOrientationPortrait UIInterfaceOrientationPortraitUpsideDown UIInterfaceOrientationLandscapeLeft UIInterfaceOrientationLandscapeRight";
				INFOPLIST_KEY_UISupportedInterfaceOrientations_iPhone = "UIInterfaceOrientationPortrait UIInterfaceOrientationLandscapeLeft UIInterfaceOrientationLandscapeRight";
				LD_RUNPATH_SEARCH_PATHS = (
					"$(inherited)",
					"@executable_path/Frameworks",
				);
				MARKETING_VERSION = 1.0;
				PRODUCT_BUNDLE_IDENTIFIER = yildirim.RickAndMortyProtocolOrientedPrograming;
				PRODUCT_NAME = "$(TARGET_NAME)";
				SWIFT_EMIT_LOC_STRINGS = YES;
				SWIFT_VERSION = 5.0;
				TARGETED_DEVICE_FAMILY = "1,2";
			};
			name = Release;
		};
		C3610BE229DC596C00145062 /* Debug */ = {
			isa = XCBuildConfiguration;
			buildSettings = {
				ALWAYS_EMBED_SWIFT_STANDARD_LIBRARIES = YES;
				BUNDLE_LOADER = "$(TEST_HOST)";
				CODE_SIGN_STYLE = Automatic;
				CURRENT_PROJECT_VERSION = 1;
				DEVELOPMENT_TEAM = TQ4VYT6TQ8;
				GENERATE_INFOPLIST_FILE = YES;
				IPHONEOS_DEPLOYMENT_TARGET = 16.4;
				MARKETING_VERSION = 1.0;
				PRODUCT_BUNDLE_IDENTIFIER = yildirim.RickAndMortyProtocolOrientedProgramingTests;
				PRODUCT_NAME = "$(TARGET_NAME)";
				SWIFT_EMIT_LOC_STRINGS = NO;
				SWIFT_VERSION = 5.0;
				TARGETED_DEVICE_FAMILY = "1,2";
				TEST_HOST = "$(BUILT_PRODUCTS_DIR)/RickAndMortyProtocolOrientedPrograming.app/$(BUNDLE_EXECUTABLE_FOLDER_PATH)/RickAndMortyProtocolOrientedPrograming";
			};
			name = Debug;
		};
		C3610BE329DC596C00145062 /* Release */ = {
			isa = XCBuildConfiguration;
			buildSettings = {
				ALWAYS_EMBED_SWIFT_STANDARD_LIBRARIES = YES;
				BUNDLE_LOADER = "$(TEST_HOST)";
				CODE_SIGN_STYLE = Automatic;
				CURRENT_PROJECT_VERSION = 1;
				DEVELOPMENT_TEAM = TQ4VYT6TQ8;
				GENERATE_INFOPLIST_FILE = YES;
				IPHONEOS_DEPLOYMENT_TARGET = 16.4;
				MARKETING_VERSION = 1.0;
				PRODUCT_BUNDLE_IDENTIFIER = yildirim.RickAndMortyProtocolOrientedProgramingTests;
				PRODUCT_NAME = "$(TARGET_NAME)";
				SWIFT_EMIT_LOC_STRINGS = NO;
				SWIFT_VERSION = 5.0;
				TARGETED_DEVICE_FAMILY = "1,2";
				TEST_HOST = "$(BUILT_PRODUCTS_DIR)/RickAndMortyProtocolOrientedPrograming.app/$(BUNDLE_EXECUTABLE_FOLDER_PATH)/RickAndMortyProtocolOrientedPrograming";
			};
			name = Release;
		};
		C3610BE529DC596C00145062 /* Debug */ = {
			isa = XCBuildConfiguration;
			buildSettings = {
				ALWAYS_EMBED_SWIFT_STANDARD_LIBRARIES = YES;
				CODE_SIGN_STYLE = Automatic;
				CURRENT_PROJECT_VERSION = 1;
				DEVELOPMENT_TEAM = TQ4VYT6TQ8;
				GENERATE_INFOPLIST_FILE = YES;
				MARKETING_VERSION = 1.0;
				PRODUCT_BUNDLE_IDENTIFIER = yildirim.RickAndMortyProtocolOrientedProgramingUITests;
				PRODUCT_NAME = "$(TARGET_NAME)";
				SWIFT_EMIT_LOC_STRINGS = NO;
				SWIFT_VERSION = 5.0;
				TARGETED_DEVICE_FAMILY = "1,2";
				TEST_TARGET_NAME = RickAndMortyProtocolOrientedPrograming;
			};
			name = Debug;
		};
		C3610BE629DC596C00145062 /* Release */ = {
			isa = XCBuildConfiguration;
			buildSettings = {
				ALWAYS_EMBED_SWIFT_STANDARD_LIBRARIES = YES;
				CODE_SIGN_STYLE = Automatic;
				CURRENT_PROJECT_VERSION = 1;
				DEVELOPMENT_TEAM = TQ4VYT6TQ8;
				GENERATE_INFOPLIST_FILE = YES;
				MARKETING_VERSION = 1.0;
				PRODUCT_BUNDLE_IDENTIFIER = yildirim.RickAndMortyProtocolOrientedProgramingUITests;
				PRODUCT_NAME = "$(TARGET_NAME)";
				SWIFT_EMIT_LOC_STRINGS = NO;
				SWIFT_VERSION = 5.0;
				TARGETED_DEVICE_FAMILY = "1,2";
				TEST_TARGET_NAME = RickAndMortyProtocolOrientedPrograming;
			};
			name = Release;
		};
/* End XCBuildConfiguration section */

/* Begin XCConfigurationList section */
		C3610BAF29DC596A00145062 /* Build configuration list for PBXProject "RickAndMortyProtocolOrientedPrograming" */ = {
			isa = XCConfigurationList;
			buildConfigurations = (
				C3610BDC29DC596C00145062 /* Debug */,
				C3610BDD29DC596C00145062 /* Release */,
			);
			defaultConfigurationIsVisible = 0;
			defaultConfigurationName = Release;
		};
		C3610BDE29DC596C00145062 /* Build configuration list for PBXNativeTarget "RickAndMortyProtocolOrientedPrograming" */ = {
			isa = XCConfigurationList;
			buildConfigurations = (
				C3610BDF29DC596C00145062 /* Debug */,
				C3610BE029DC596C00145062 /* Release */,
			);
			defaultConfigurationIsVisible = 0;
			defaultConfigurationName = Release;
		};
		C3610BE129DC596C00145062 /* Build configuration list for PBXNativeTarget "RickAndMortyProtocolOrientedProgramingTests" */ = {
			isa = XCConfigurationList;
			buildConfigurations = (
				C3610BE229DC596C00145062 /* Debug */,
				C3610BE329DC596C00145062 /* Release */,
			);
			defaultConfigurationIsVisible = 0;
			defaultConfigurationName = Release;
		};
		C3610BE429DC596C00145062 /* Build configuration list for PBXNativeTarget "RickAndMortyProtocolOrientedProgramingUITests" */ = {
			isa = XCConfigurationList;
			buildConfigurations = (
				C3610BE529DC596C00145062 /* Debug */,
				C3610BE629DC596C00145062 /* Release */,
			);
			defaultConfigurationIsVisible = 0;
			defaultConfigurationName = Release;
		};
/* End XCConfigurationList section */
	};
	rootObject = C3610BAC29DC596A00145062 /* Project object */;
}
